
Microsoft Visual Studio Solution File, Format Version 12.00
# Visual Studio Version 17
VisualStudioVersion = 17.3.32929.385
MinimumVisualStudioVersion = 10.0.40219.1
Project("{9A19103F-16F7-4668-BE54-9A1E7A4F7556}") = "CMS_APP", "CMS_APP\CMS_APP.csproj", "{4983570F-D4DD-46A5-94D7-1FFCF66D3312}"
EndProject
Project("{9A19103F-16F7-4668-BE54-9A1E7A4F7556}") = "LoggingService", "LoggingService\LoggingService.csproj", "{40945340-72DC-4507-8F7E-DB563DD6FC17}"
EndProject
Global
	GlobalSection(SolutionConfigurationPlatforms) = preSolution
		Debug|Any CPU = Debug|Any CPU
		Release|Any CPU = Release|Any CPU
	EndGlobalSection
	GlobalSection(ProjectConfigurationPlatforms) = postSolution
		{4983570F-D4DD-46A5-94D7-1FFCF66D3312}.Debug|Any CPU.ActiveCfg = Debug|Any CPU
		{4983570F-D4DD-46A5-94D7-1FFCF66D3312}.Debug|Any CPU.Build.0 = Debug|Any CPU
		{4983570F-D4DD-46A5-94D7-1FFCF66D3312}.Release|Any CPU.ActiveCfg = Release|Any CPU
		{4983570F-D4DD-46A5-94D7-1FFCF66D3312}.Release|Any CPU.Build.0 = Release|Any CPU
		{40945340-72DC-4507-8F7E-DB563DD6FC17}.Debug|Any CPU.ActiveCfg = Debug|Any CPU
		{40945340-72DC-4507-8F7E-DB563DD6FC17}.Debug|Any CPU.Build.0 = Debug|Any CPU
		{40945340-72DC-4507-8F7E-DB563DD6FC17}.Release|Any CPU.ActiveCfg = Release|Any CPU
		{40945340-72DC-4507-8F7E-DB563DD6FC17}.Release|Any CPU.Build.0 = Release|Any CPU
	EndGlobalSection
	GlobalSection(SolutionProperties) = preSolution
		HideSolutionNode = FALSE
	EndGlobalSection
	GlobalSection(ExtensibilityGlobals) = postSolution
		SolutionGuid = {44127359-A467-41BE-B079-BA4EC85F7CDE}
	EndGlobalSection
EndGlobal
